{
  "name": "encode-files",
  "version": "1.0.0",
  "lockfileVersion": 1,
  "requires": true,
  "dependencies": {
    "crypto-js": {
      "version": "4.1.1",
      "resolved": "https://registry.npmjs.org/crypto-js/-/crypto-js-4.1.1.tgz",
      "integrity": "sha512-o2JlM7ydqd3Qk9CA0L4NL6mTzU2sdx96a+oOfPu8Mkl/PK51vSyoi8/rQ8NknZtk44vq15lmhAj9CIAGwgeWKw=="
    },
    "dotenv": {
      "version": "16.0.3",
      "resolved": "https://registry.npmjs.org/dotenv/-/dotenv-16.0.3.tgz",
      "integrity": "sha512-7GO6HghkA5fYG9TYnNxi14/7K9f5occMlp3zXAuSxn7CKCxt9xbNWG7yF8hTCSUchlfWSe3uLmlPfigevRItzQ=="
    },
    "timer-node": {
      "version": "5.0.7",
      "resolved": "https://registry.npmjs.org/timer-node/-/timer-node-5.0.7.tgz",
      "integrity": "sha512-M1aP6ASmuVD0PSxl5fqjCAGY9WyND3DHZ8RwT5I8o7469XE53Lb5zbPai20Dhj7TProyaapfVj3TaT0P+LoSEA=="
    }
  }
}
